
Microsoft Visual Studio Solution File, Format Version 12.00
# Visual Studio Version 17
VisualStudioVersion = 17.10.34928.147
MinimumVisualStudioVersion = 10.0.40219.1
Project("{FAE04EC0-301F-11D3-BF4B-00C04F79EFBC}") = "ElasticSearch.API", "ElasticSearch.API\ElasticSearch.API.csproj", "{422B0189-C7F5-4953-BC0E-23C90A36118C}"
EndProject
Global
	GlobalSection(SolutionConfigurationPlatforms) = preSolution
		Debug|Any CPU = Debug|Any CPU
		Release|Any CPU = Release|Any CPU
	EndGlobalSection
	GlobalSection(ProjectConfigurationPlatforms) = postSolution
		{422B0189-C7F5-4953-BC0E-23C90A36118C}.Debug|Any CPU.ActiveCfg = Debug|Any CPU
		{422B0189-C7F5-4953-BC0E-23C90A36118C}.Debug|Any CPU.Build.0 = Debug|Any CPU
		{422B0189-C7F5-4953-BC0E-23C90A36118C}.Release|Any CPU.ActiveCfg = Release|Any CPU
		{422B0189-C7F5-4953-BC0E-23C90A36118C}.Release|Any CPU.Build.0 = Release|Any CPU
	EndGlobalSection
	GlobalSection(SolutionProperties) = preSolution
		HideSolutionNode = FALSE
	EndGlobalSection
	GlobalSection(ExtensibilityGlobals) = postSolution
		SolutionGuid = {108C5DDD-227F-4551-B10F-338079C0DAA7}
	EndGlobalSection
EndGlobal
